
Microsoft Visual Studio Solution File, Format Version 12.00
# Visual Studio 2017
Project("{FAE04EC0-301F-11D3-BF4B-00C04F79EFBC}") = "Mansion of Memories", "Mansion of Memories.csproj", "{4927E5DC-55A9-2555-5C4B-EAE47F98E60F}"
EndProject
Global
	GlobalSection(SolutionConfigurationPlatforms) = preSolution
		Debug|Any CPU = Debug|Any CPU
		Release|Any CPU = Release|Any CPU
	EndGlobalSection
	GlobalSection(ProjectConfigurationPlatforms) = postSolution
		{4927E5DC-55A9-2555-5C4B-EAE47F98E60F}.Debug|Any CPU.ActiveCfg = Debug|Any CPU
		{4927E5DC-55A9-2555-5C4B-EAE47F98E60F}.Debug|Any CPU.Build.0 = Debug|Any CPU
		{4927E5DC-55A9-2555-5C4B-EAE47F98E60F}.Release|Any CPU.ActiveCfg = Release|Any CPU
		{4927E5DC-55A9-2555-5C4B-EAE47F98E60F}.Release|Any CPU.Build.0 = Release|Any CPU
	EndGlobalSection
	GlobalSection(SolutionProperties) = preSolution
		HideSolutionNode = FALSE
	EndGlobalSection
EndGlobal
